#
# This file is autogenerated by pip-compile with Python 3.14
# by the following command:
#
#    pip-compile --output-file=requirements.lock requirements.txt
#
annotated-doc==0.0.4
    # via
    #   fastapi
    #   typer
annotated-types==0.7.0
    # via pydantic
anyio==4.13.0
    # via
    #   httpx
    #   starlette
babel==2.18.0
    # via courlan
beautifulsoup4==4.14.3
    # via -r requirements.txt
certifi==2026.4.22
    # via
    #   curl-cffi
    #   httpcore
    #   httpx
    #   requests
    #   trafilatura
cffi==2.0.0
    # via curl-cffi
charset-normalizer==3.4.7
    # via
    #   htmldate
    #   requests
    #   trafilatura
click==8.3.3
    # via
    #   typer
    #   uvicorn
courlan==1.3.2
    # via trafilatura
cramjam==2.11.0
    # via fastparquet
curl-cffi==0.15.0
    # via webserp
dateparser==1.4.0
    # via htmldate
diskcache==5.6.3
    # via llama-cpp-python
et-xmlfile==2.0.0
    # via openpyxl
fastapi==0.136.1
    # via -r requirements.txt
fastparquet==2026.3.0
    # via -r requirements.txt
filelock==3.29.0
    # via huggingface-hub
fsspec==2026.4.0
    # via
    #   fastparquet
    #   huggingface-hub
h11==0.16.0
    # via
    #   httpcore
    #   uvicorn
hf-xet==1.5.0
    # via huggingface-hub
htmldate==1.9.4
    # via trafilatura
httpcore==1.0.9
    # via httpx
httpx==0.28.1
    # via huggingface-hub
huggingface-hub==1.14.0
    # via -r requirements.txt
idna==3.15
    # via
    #   -r requirements.txt
    #   anyio
    #   httpx
    #   requests
jinja2==3.1.6
    # via llama-cpp-python
justext==3.0.2
    # via trafilatura
limits==1.6
    # via slowapi
llama-cpp-python==0.3.23
    # via -r requirements.txt
lxml[html-clean]==6.1.1
    # via
    #   htmldate
    #   justext
    #   lxml-html-clean
    #   trafilatura
    #   webserp
lxml-html-clean==0.4.5
    # via lxml
markdown-it-py==4.2.0
    # via rich
markupsafe==3.0.3
    # via jinja2
mdurl==0.1.2
    # via markdown-it-py
numpy==2.3.5
    # via
    #   -r requirements.txt
    #   fastparquet
    #   llama-cpp-python
    #   pandas
    #   rank-bm25
openpyxl==3.1.5
    # via -r requirements.txt
packaging==26.2
    # via
    #   fastparquet
    #   huggingface-hub
pandas==2.3.3
    # via
    #   -r requirements.txt
    #   fastparquet
pillow==12.3.0
    # via -r requirements.txt
pyarrow==24.0.0
    # via -r requirements.txt
pycparser==3.0
    # via cffi
pydantic==2.13.4
    # via
    #   -r requirements.txt
    #   fastapi
pydantic-core==2.46.4
    # via pydantic
pygments==2.20.0
    # via rich
pypdfium2==4.30.0
    # via -r requirements.txt
python-dateutil==2.9.0.post0
    # via
    #   dateparser
    #   htmldate
    #   pandas
python-dotenv==1.2.2
    # via -r requirements.txt
python-multipart==0.0.31
    # via -r requirements.txt
pytz==2026.2
    # via
    #   dateparser
    #   pandas
pyyaml==6.0.3
    # via huggingface-hub
rank-bm25==0.2.2
    # via -r requirements.txt
regex==2026.5.9
    # via dateparser
requests==2.34.2
    # via -r requirements.txt
rich==15.0.0
    # via
    #   curl-cffi
    #   typer
shellingham==1.5.4
    # via typer
six==1.17.0
    # via
    #   limits
    #   python-dateutil
slowapi==0.1.6
    # via -r requirements.txt
soupsieve==2.8.4
    # via beautifulsoup4
starlette==1.3.1
    # via
    #   -r requirements.txt
    #   fastapi
tld==0.13.2
    # via courlan
tqdm==4.67.3
    # via huggingface-hub
trafilatura==2.0.0
    # via -r requirements.txt
typer==0.25.1
    # via huggingface-hub
typing-extensions==4.15.0
    # via
    #   beautifulsoup4
    #   fastapi
    #   huggingface-hub
    #   llama-cpp-python
    #   pydantic
    #   pydantic-core
    #   typing-inspection
typing-inspection==0.4.2
    # via
    #   fastapi
    #   pydantic
tzdata==2026.2
    # via pandas
tzlocal==5.3.1
    # via dateparser
urllib3==2.7.0
    # via
    #   -r requirements.txt
    #   courlan
    #   htmldate
    #   requests
    #   trafilatura
uvicorn==0.27.1
    # via -r requirements.txt
webserp==0.1.4
    # via -r requirements.txt

# The following packages are considered to be unsafe in a requirements file:
# setuptools
